// !$*UTF8*$!
{
	archiveVersion = 1;
	classes = {
	};
	objectVersion = 56;
	objects = {

/* Begin PBXBuildFile section */
		B00D636D29FD74FC00825DDB /* AppDelegate.swift in Sources */ = {isa = PBXBuildFile; fileRef = B00D636C29FD74FC00825DDB /* AppDelegate.swift */; };
		B00D636F29FD74FC00825DDB /* SceneDelegate.swift in Sources */ = {isa = PBXBuildFile; fileRef = B00D636E29FD74FC00825DDB /* SceneDelegate.swift */; };
		B00D637129FD74FC00825DDB /* ViewController.swift in Sources */ = {isa = PBXBuildFile; fileRef = B00D637029FD74FC00825DDB /* ViewController.swift */; };
		B00D637429FD74FC00825DDB /* Main.storyboard in Resources */ = {isa = PBXBuildFile; fileRef = B00D637229FD74FC00825DDB /* Main.storyboard */; };
		B00D637629FD74FF00825DDB /* Assets.xcassets in Resources */ = {isa = PBXBuildFile; fileRef = B00D637529FD74FF00825DDB /* Assets.xcassets */; };
		B00D637929FD74FF00825DDB /* LaunchScreen.storyboard in Resources */ = {isa = PBXBuildFile; fileRef = B00D637729FD74FF00825DDB /* LaunchScreen.storyboard */; };
		B00D63A429FDEB0800825DDB /* ca_cert.der in Resources */ = {isa = PBXBuildFile; fileRef = B00D63A029FDEB0800825DDB /* ca_cert.der */; };
		B00D63A929FDF7F600825DDB /* client_key.p12 in Resources */ = {isa = PBXBuildFile; fileRef = B00D63A729FDF78200825DDB /* client_key.p12 */; };
		B09F7A3A2A00A45400022B9E /* Credentials.swift in Sources */ = {isa = PBXBuildFile; fileRef = B09F7A392A00A45400022B9E /* Credentials.swift */; };
		B0DB1AE32A00D5450036F651 /* Colors.swift in Sources */ = {isa = PBXBuildFile; fileRef = B0DB1AE22A00D5450036F651 /* Colors.swift */; };
		B0DB1AEC2A01A8890036F651 /* CouchbaseLiteSwift.xcframework in Frameworks */ = {isa = PBXBuildFile; fileRef = B0DB1AEB2A01A8880036F651 /* CouchbaseLiteSwift.xcframework */; };
		B0DB1AED2A01A8890036F651 /* CouchbaseLiteSwift.xcframework in Embed Frameworks */ = {isa = PBXBuildFile; fileRef = B0DB1AEB2A01A8880036F651 /* CouchbaseLiteSwift.xcframework */; settings = {ATTRIBUTES = (CodeSignOnCopy, RemoveHeadersOnCopy, ); }; };
		B0F1C88B29FF89450022FC25 /* AppService.swift in Sources */ = {isa = PBXBuildFile; fileRef = B0F1C88A29FF89450022FC25 /* AppService.swift */; };
/* End PBXBuildFile section */

/* Begin PBXCopyFilesBuildPhase section */
		B0DB1AEE2A01A8890036F651 /* Embed Frameworks */ = {
			isa = PBXCopyFilesBuildPhase;
			buildActionMask = 2147483647;
			dstPath = "";
			dstSubfolderSpec = 10;
			files = (
				B0DB1AED2A01A8890036F651 /* CouchbaseLiteSwift.xcframework in Embed Frameworks */,
			);
			name = "Embed Frameworks";
			runOnlyForDeploymentPostprocessing = 0;
		};
/* End PBXCopyFilesBuildPhase section */

/* Begin PBXFileReference section */
		B00D636929FD74FC00825DDB /* simple-p2p.app */ = {isa = PBXFileReference; explicitFileType = wrapper.application; includeInIndex = 0; path = "simple-p2p.app"; sourceTree = BUILT_PRODUCTS_DIR; };
		B00D636C29FD74FC00825DDB /* AppDelegate.swift */ = {isa = PBXFileReference; lastKnownFileType = sourcecode.swift; path = AppDelegate.swift; sourceTree = "<group>"; };
		B00D636E29FD74FC00825DDB /* SceneDelegate.swift */ = {isa = PBXFileReference; lastKnownFileType = sourcecode.swift; path = SceneDelegate.swift; sourceTree = "<group>"; };
		B00D637029FD74FC00825DDB /* ViewController.swift */ = {isa = PBXFileReference; lastKnownFileType = sourcecode.swift; path = ViewController.swift; sourceTree = "<group>"; };
		B00D637329FD74FC00825DDB /* Base */ = {isa = PBXFileReference; lastKnownFileType = file.storyboard; name = Base; path = Base.lproj/Main.storyboard; sourceTree = "<group>"; };
		B00D637529FD74FF00825DDB /* Assets.xcassets */ = {isa = PBXFileReference; lastKnownFileType = folder.assetcatalog; path = Assets.xcassets; sourceTree = "<group>"; };
		B00D637829FD74FF00825DDB /* Base */ = {isa = PBXFileReference; lastKnownFileType = file.storyboard; name = Base; path = Base.lproj/LaunchScreen.storyboard; sourceTree = "<group>"; };
		B00D637A29FD74FF00825DDB /* Info.plist */ = {isa = PBXFileReference; lastKnownFileType = text.plist.xml; path = Info.plist; sourceTree = "<group>"; };
		B00D63A029FDEB0800825DDB /* ca_cert.der */ = {isa = PBXFileReference; lastKnownFileType = file; path = ca_cert.der; sourceTree = "<group>"; };
		B00D63A729FDF78200825DDB /* client_key.p12 */ = {isa = PBXFileReference; lastKnownFileType = file; path = client_key.p12; sourceTree = "<group>"; };
		B09F7A392A00A45400022B9E /* Credentials.swift */ = {isa = PBXFileReference; lastKnownFileType = sourcecode.swift; path = Credentials.swift; sourceTree = "<group>"; };
		B0DB1AE22A00D5450036F651 /* Colors.swift */ = {isa = PBXFileReference; lastKnownFileType = sourcecode.swift; path = Colors.swift; sourceTree = "<group>"; };
		B0DB1AEB2A01A8880036F651 /* CouchbaseLiteSwift.xcframework */ = {isa = PBXFileReference; lastKnownFileType = wrapper.xcframework; name = CouchbaseLiteSwift.xcframework; path = "simple-p2p/Frameworks/CouchbaseLiteSwift.xcframework"; sourceTree = "<group>"; };
		B0F1C88A29FF89450022FC25 /* AppService.swift */ = {isa = PBXFileReference; lastKnownFileType = sourcecode.swift; path = AppService.swift; sourceTree = "<group>"; };
/* End PBXFileReference section */

/* Begin PBXFrameworksBuildPhase section */
		B00D636629FD74FC00825DDB /* Frameworks */ = {
			isa = PBXFrameworksBuildPhase;
			buildActionMask = 2147483647;
			files = (
				B0DB1AEC2A01A8890036F651 /* CouchbaseLiteSwift.xcframework in Frameworks */,
			);
			runOnlyForDeploymentPostprocessing = 0;
		};
/* End PBXFrameworksBuildPhase section */

/* Begin PBXGroup section */
		B00D636029FD74FC00825DDB = {
			isa = PBXGroup;
			children = (
				B00D636B29FD74FC00825DDB /* simple-p2p */,
				B00D636A29FD74FC00825DDB /* Products */,
				B00D638029FD754400825DDB /* Frameworks */,
			);
			sourceTree = "<group>";
		};
		B00D636A29FD74FC00825DDB /* Products */ = {
			isa = PBXGroup;
			children = (
				B00D636929FD74FC00825DDB /* simple-p2p.app */,
			);
			name = Products;
			sourceTree = "<group>";
		};
		B00D636B29FD74FC00825DDB /* simple-p2p */ = {
			isa = PBXGroup;
			children = (
				B00D636C29FD74FC00825DDB /* AppDelegate.swift */,
				B00D636E29FD74FC00825DDB /* SceneDelegate.swift */,
				B00D637029FD74FC00825DDB /* ViewController.swift */,
				B0F1C88A29FF89450022FC25 /* AppService.swift */,
				B09F7A392A00A45400022B9E /* Credentials.swift */,
				B0DB1AE22A00D5450036F651 /* Colors.swift */,
				B00D638E29FDD6A400825DDB /* credentials */,
				B00D637229FD74FC00825DDB /* Main.storyboard */,
				B00D637529FD74FF00825DDB /* Assets.xcassets */,
				B00D637729FD74FF00825DDB /* LaunchScreen.storyboard */,
				B00D637A29FD74FF00825DDB /* Info.plist */,
			);
			path = "simple-p2p";
			sourceTree = "<group>";
		};
		B00D638029FD754400825DDB /* Frameworks */ = {
			isa = PBXGroup;
			children = (
				B0DB1AEB2A01A8880036F651 /* CouchbaseLiteSwift.xcframework */,
			);
			name = Frameworks;
			sourceTree = "<group>";
		};
		B00D638E29FDD6A400825DDB /* credentials */ = {
			isa = PBXGroup;
			children = (
				B00D63A029FDEB0800825DDB /* ca_cert.der */,
				B00D63A729FDF78200825DDB /* client_key.p12 */,
			);
			path = credentials;
			sourceTree = "<group>";
		};
/* End PBXGroup section */

/* Begin PBXNativeTarget section */
		B00D636829FD74FC00825DDB /* simple-p2p */ = {
			isa = PBXNativeTarget;
			buildConfigurationList = B00D637D29FD74FF00825DDB /* Build configuration list for PBXNativeTarget "simple-p2p" */;
			buildPhases = (
				B00D636529FD74FC00825DDB /* Sources */,
				B00D636629FD74FC00825DDB /* Frameworks */,
				B00D636729FD74FC00825DDB /* Resources */,
				B0DB1AEE2A01A8890036F651 /* Embed Frameworks */,
			);
			buildRules = (
			);
			dependencies = (
			);
			name = "simple-p2p";
			productName = "peer-to-peer-sync";
			productReference = B00D636929FD74FC00825DDB /* simple-p2p.app */;
			productType = "com.apple.product-type.application";
		};
/* End PBXNativeTarget section */

/* Begin PBXProject section */
		B00D636129FD74FC00825DDB /* Project object */ = {
			isa = PBXProject;
			attributes = {
				BuildIndependentTargetsInParallel = 1;
				LastSwiftUpdateCheck = 1430;
				LastUpgradeCheck = 1430;
				TargetAttributes = {
					B00D636829FD74FC00825DDB = {
						CreatedOnToolsVersion = 14.3;
					};
				};
			};
			buildConfigurationList = B00D636429FD74FC00825DDB /* Build configuration list for PBXProject "simple-p2p" */;
			compatibilityVersion = "Xcode 14.0";
			developmentRegion = en;
			hasScannedForEncodings = 0;
			knownRegions = (
				en,
				Base,
			);
			mainGroup = B00D636029FD74FC00825DDB;
			productRefGroup = B00D636A29FD74FC00825DDB /* Products */;
			projectDirPath = "";
			projectRoot = "";
			targets = (
				B00D636829FD74FC00825DDB /* simple-p2p */,
			);
		};
/* End PBXProject section */

/* Begin PBXResourcesBuildPhase section */
		B00D636729FD74FC00825DDB /* Resources */ = {
			isa = PBXResourcesBuildPhase;
			buildActionMask = 2147483647;
			files = (
				B00D637929FD74FF00825DDB /* LaunchScreen.storyboard in Resources */,
				B00D637629FD74FF00825DDB /* Assets.xcassets in Resources */,
				B00D63A429FDEB0800825DDB /* ca_cert.der in Resources */,
				B00D63A929FDF7F600825DDB /* client_key.p12 in Resources */,
				B00D637429FD74FC00825DDB /* Main.storyboard in Resources */,
			);
			runOnlyForDeploymentPostprocessing = 0;
		};
/* End PBXResourcesBuildPhase section */

/* Begin PBXSourcesBuildPhase section */
		B00D636529FD74FC00825DDB /* Sources */ = {
			isa = PBXSourcesBuildPhase;
			buildActionMask = 2147483647;
			files = (
				B0F1C88B29FF89450022FC25 /* AppService.swift in Sources */,
				B0DB1AE32A00D5450036F651 /* Colors.swift in Sources */,
				B09F7A3A2A00A45400022B9E /* Credentials.swift in Sources */,
				B00D637129FD74FC00825DDB /* ViewController.swift in Sources */,
				B00D636D29FD74FC00825DDB /* AppDelegate.swift in Sources */,
				B00D636F29FD74FC00825DDB /* SceneDelegate.swift in Sources */,
			);
			runOnlyForDeploymentPostprocessing = 0;
		};
/* End PBXSourcesBuildPhase section */

/* Begin PBXVariantGroup section */
		B00D637229FD74FC00825DDB /* Main.storyboard */ = {
			isa = PBXVariantGroup;
			children = (
				B00D637329FD74FC00825DDB /* Base */,
			);
			name = Main.storyboard;
			sourceTree = "<group>";
		};
		B00D637729FD74FF00825DDB /* LaunchScreen.storyboard */ = {
			isa = PBXVariantGroup;
			children = (
				B00D637829FD74FF00825DDB /* Base */,
			);
			name = LaunchScreen.storyboard;
			sourceTree = "<group>";
		};
/* End PBXVariantGroup section */

/* Begin XCBuildConfiguration section */
		B00D637B29FD74FF00825DDB /* Debug */ = {
			isa = XCBuildConfiguration;
			buildSettings = {
				ALWAYS_SEARCH_USER_PATHS = NO;
				CLANG_ANALYZER_NONNULL = YES;
				CLANG_ANALYZER_NUMBER_OBJECT_CONVERSION = YES_AGGRESSIVE;
				CLANG_CXX_LANGUAGE_STANDARD = "gnu++20";
				CLANG_ENABLE_MODULES = YES;
				CLANG_ENABLE_OBJC_ARC = YES;
				CLANG_ENABLE_OBJC_WEAK = YES;
				CLANG_WARN_BLOCK_CAPTURE_AUTORELEASING = YES;
				CLANG_WARN_BOOL_CONVERSION = YES;
				CLANG_WARN_COMMA = YES;
				CLANG_WARN_CONSTANT_CONVERSION = YES;
				CLANG_WARN_DEPRECATED_OBJC_IMPLEMENTATIONS = YES;
				CLANG_WARN_DIRECT_OBJC_ISA_USAGE = YES_ERROR;
				CLANG_WARN_DOCUMENTATION_COMMENTS = YES;
				CLANG_WARN_EMPTY_BODY = YES;
				CLANG_WARN_ENUM_CONVERSION = YES;
				CLANG_WARN_INFINITE_RECURSION = YES;
				CLANG_WARN_INT_CONVERSION = YES;
				CLANG_WARN_NON_LITERAL_NULL_CONVERSION = YES;
				CLANG_WARN_OBJC_IMPLICIT_RETAIN_SELF = YES;
				CLANG_WARN_OBJC_LITERAL_CONVERSION = YES;
				CLANG_WARN_OBJC_ROOT_CLASS = YES_ERROR;
				CLANG_WARN_QUOTED_INCLUDE_IN_FRAMEWORK_HEADER = YES;
				CLANG_WARN_RANGE_LOOP_ANALYSIS = YES;
				CLANG_WARN_STRICT_PROTOTYPES = YES;
				CLANG_WARN_SUSPICIOUS_MOVE = YES;
				CLANG_WARN_UNGUARDED_AVAILABILITY = YES_AGGRESSIVE;
				CLANG_WARN_UNREACHABLE_CODE = YES;
				CLANG_WARN__DUPLICATE_METHOD_MATCH = YES;
				COPY_PHASE_STRIP = NO;
				DEBUG_INFORMATION_FORMAT = dwarf;
				ENABLE_STRICT_OBJC_MSGSEND = YES;
				ENABLE_TESTABILITY = YES;
				GCC_C_LANGUAGE_STANDARD = gnu11;
				GCC_DYNAMIC_NO_PIC = NO;
				GCC_NO_COMMON_BLOCKS = YES;
				GCC_OPTIMIZATION_LEVEL = 0;
				GCC_PREPROCESSOR_DEFINITIONS = (
					"DEBUG=1",
					"$(inherited)",
				);
				GCC_WARN_64_TO_32_BIT_CONVERSION = YES;
				GCC_WARN_ABOUT_RETURN_TYPE = YES_ERROR;
				GCC_WARN_UNDECLARED_SELECTOR = YES;
				GCC_WARN_UNINITIALIZED_AUTOS = YES_AGGRESSIVE;
				GCC_WARN_UNUSED_FUNCTION = YES;
				GCC_WARN_UNUSED_VARIABLE = YES;
				IPHONEOS_DEPLOYMENT_TARGET = 16.4;
				MTL_ENABLE_DEBUG_INFO = INCLUDE_SOURCE;
				MTL_FAST_MATH = YES;
				ONLY_ACTIVE_ARCH = YES;
				SDKROOT = iphoneos;
				SWIFT_ACTIVE_COMPILATION_CONDITIONS = DEBUG;
				SWIFT_OPTIMIZATION_LEVEL = "-Onone";
			};
			name = Debug;
		};
		B00D637C29FD74FF00825DDB /* Release */ = {
			isa = XCBuildConfiguration;
			buildSettings = {
				ALWAYS_SEARCH_USER_PATHS = NO;
				CLANG_ANALYZER_NONNULL = YES;
				CLANG_ANALYZER_NUMBER_OBJECT_CONVERSION = YES_AGGRESSIVE;
				CLANG_CXX_LANGUAGE_STANDARD = "gnu++20";
				CLANG_ENABLE_MODULES = YES;
				CLANG_ENABLE_OBJC_ARC = YES;
				CLANG_ENABLE_OBJC_WEAK = YES;
				CLANG_WARN_BLOCK_CAPTURE_AUTORELEASING = YES;
				CLANG_WARN_BOOL_CONVERSION = YES;
				CLANG_WARN_COMMA = YES;
				CLANG_WARN_CONSTANT_CONVERSION = YES;
				CLANG_WARN_DEPRECATED_OBJC_IMPLEMENTATIONS = YES;
				CLANG_WARN_DIRECT_OBJC_ISA_USAGE = YES_ERROR;
				CLANG_WARN_DOCUMENTATION_COMMENTS = YES;
				CLANG_WARN_EMPTY_BODY = YES;
				CLANG_WARN_ENUM_CONVERSION = YES;
				CLANG_WARN_INFINITE_RECURSION = YES;
				CLANG_WARN_INT_CONVERSION = YES;
				CLANG_WARN_NON_LITERAL_NULL_CONVERSION = YES;
				CLANG_WARN_OBJC_IMPLICIT_RETAIN_SELF = YES;
				CLANG_WARN_OBJC_LITERAL_CONVERSION = YES;
				CLANG_WARN_OBJC_ROOT_CLASS = YES_ERROR;
				CLANG_WARN_QUOTED_INCLUDE_IN_FRAMEWORK_HEADER = YES;
				CLANG_WARN_RANGE_LOOP_ANALYSIS = YES;
				CLANG_WARN_STRICT_PROTOTYPES = YES;
				CLANG_WARN_SUSPICIOUS_MOVE = YES;
				CLANG_WARN_UNGUARDED_AVAILABILITY = YES_AGGRESSIVE;
				CLANG_WARN_UNREACHABLE_CODE = YES;
				CLANG_WARN__DUPLICATE_METHOD_MATCH = YES;
				COPY_PHASE_STRIP = NO;
				DEBUG_INFORMATION_FORMAT = "dwarf-with-dsym";
				ENABLE_NS_ASSERTIONS = NO;
				ENABLE_STRICT_OBJC_MSGSEND = YES;
				GCC_C_LANGUAGE_STANDARD = gnu11;
				GCC_NO_COMMON_BLOCKS = YES;
				GCC_WARN_64_TO_32_BIT_CONVERSION = YES;
				GCC_WARN_ABOUT_RETURN_TYPE = YES_ERROR;
				GCC_WARN_UNDECLARED_SELECTOR = YES;
				GCC_WARN_UNINITIALIZED_AUTOS = YES_AGGRESSIVE;
				GCC_WARN_UNUSED_FUNCTION = YES;
				GCC_WARN_UNUSED_VARIABLE = YES;
				IPHONEOS_DEPLOYMENT_TARGET = 16.4;
				MTL_ENABLE_DEBUG_INFO = NO;
				MTL_FAST_MATH = YES;
				SDKROOT = iphoneos;
				SWIFT_COMPILATION_MODE = wholemodule;
				SWIFT_OPTIMIZATION_LEVEL = "-O";
				VALIDATE_PRODUCT = YES;
			};
			name = Release;
		};
		B00D637E29FD74FF00825DDB /* Debug */ = {
			isa = XCBuildConfiguration;
			buildSettings = {
				ASSETCATALOG_COMPILER_APPICON_NAME = AppIcon;
				ASSETCATALOG_COMPILER_GLOBAL_ACCENT_COLOR_NAME = AccentColor;
				CODE_SIGN_STYLE = Automatic;
				CURRENT_PROJECT_VERSION = 1;
				DEVELOPMENT_TEAM = XZ979P7C7U;
				FRAMEWORK_SEARCH_PATHS = (
					"$(inherited)",
					"$(PROJECT_DIR)/simple-p2p/Frameworks",
				);
				GENERATE_INFOPLIST_FILE = YES;
				INFOPLIST_FILE = "simple-p2p/Info.plist";
				INFOPLIST_KEY_UIApplicationSupportsIndirectInputEvents = YES;
				INFOPLIST_KEY_UILaunchStoryboardName = LaunchScreen;
				INFOPLIST_KEY_UIMainStoryboardFile = Main;
				INFOPLIST_KEY_UISupportedInterfaceOrientations_iPad = "UIInterfaceOrientationPortrait UIInterfaceOrientationPortraitUpsideDown UIInterfaceOrientationLandscapeLeft UIInterfaceOrientationLandscapeRight";
				INFOPLIST_KEY_UISupportedInterfaceOrientations_iPhone = "UIInterfaceOrientationPortrait UIInterfaceOrientationLandscapeLeft UIInterfaceOrientationLandscapeRight";
				IPHONEOS_DEPLOYMENT_TARGET = 16.0;
				LD_RUNPATH_SEARCH_PATHS = (
					"$(inherited)",
					"@executable_path/Frameworks",
				);
				MARKETING_VERSION = 1.0;
				PRODUCT_BUNDLE_IDENTIFIER = "simple-p2p";
				PRODUCT_NAME = "$(TARGET_NAME)";
				SWIFT_EMIT_LOC_STRINGS = YES;
				SWIFT_VERSION = 5.0;
				TARGETED_DEVICE_FAMILY = "1,2";
			};
			name = Debug;
		};
		B00D637F29FD74FF00825DDB /* Release */ = {
			isa = XCBuildConfiguration;
			buildSettings = {
				ASSETCATALOG_COMPILER_APPICON_NAME = AppIcon;
				ASSETCATALOG_COMPILER_GLOBAL_ACCENT_COLOR_NAME = AccentColor;
				CODE_SIGN_STYLE = Automatic;
				CURRENT_PROJECT_VERSION = 1;
				DEVELOPMENT_TEAM = XZ979P7C7U;
				FRAMEWORK_SEARCH_PATHS = (
					"$(inherited)",
					"$(PROJECT_DIR)/simple-p2p/Frameworks",
				);
				GENERATE_INFOPLIST_FILE = YES;
				INFOPLIST_FILE = "simple-p2p/Info.plist";
				INFOPLIST_KEY_UIApplicationSupportsIndirectInputEvents = YES;
				INFOPLIST_KEY_UILaunchStoryboardName = LaunchScreen;
				INFOPLIST_KEY_UIMainStoryboardFile = Main;
				INFOPLIST_KEY_UISupportedInterfaceOrientations_iPad = "UIInterfaceOrientationPortrait UIInterfaceOrientationPortraitUpsideDown UIInterfaceOrientationLandscapeLeft UIInterfaceOrientationLandscapeRight";
				INFOPLIST_KEY_UISupportedInterfaceOrientations_iPhone = "UIInterfaceOrientationPortrait UIInterfaceOrientationLandscapeLeft UIInterfaceOrientationLandscapeRight";
				IPHONEOS_DEPLOYMENT_TARGET = 16.0;
				LD_RUNPATH_SEARCH_PATHS = (
					"$(inherited)",
					"@executable_path/Frameworks",
				);
				MARKETING_VERSION = 1.0;
				PRODUCT_BUNDLE_IDENTIFIER = "simple-p2p";
				PRODUCT_NAME = "$(TARGET_NAME)";
				SWIFT_EMIT_LOC_STRINGS = YES;
				SWIFT_VERSION = 5.0;
				TARGETED_DEVICE_FAMILY = "1,2";
			};
			name = Release;
		};
/* End XCBuildConfiguration section */

/* Begin XCConfigurationList section */
		B00D636429FD74FC00825DDB /* Build configuration list for PBXProject "simple-p2p" */ = {
			isa = XCConfigurationList;
			buildConfigurations = (
				B00D637B29FD74FF00825DDB /* Debug */,
				B00D637C29FD74FF00825DDB /* Release */,
			);
			defaultConfigurationIsVisible = 0;
			defaultConfigurationName = Release;
		};
		B00D637D29FD74FF00825DDB /* Build configuration list for PBXNativeTarget "simple-p2p" */ = {
			isa = XCConfigurationList;
			buildConfigurations = (
				B00D637E29FD74FF00825DDB /* Debug */,
				B00D637F29FD74FF00825DDB /* Release */,
			);
			defaultConfigurationIsVisible = 0;
			defaultConfigurationName = Release;
		};
/* End XCConfigurationList section */
	};
	rootObject = B00D636129FD74FC00825DDB /* Project object */;
}
